{
  "name": "finn-js-code-style",
  "version": "3.1.0",
  "dependencies": {
    "jshint": {
      "version": "2.5.10",
      "from": "jshint@",
      "resolved": "http://npm.finntech.no/internal/jshint/-/jshint-2.5.10.tgz",
      "dependencies": {
        "cli": {
          "version": "0.6.5",
          "from": "cli@0.6.x",
          "resolved": "http://npm.finntech.no/internal/cli/-/cli-0.6.5.tgz",
          "dependencies": {
            "glob": {
              "version": "3.2.11",
              "from": "glob@~ 3.2.1",
              "resolved": "http://npm.finntech.no/internal/glob/-/glob-3.2.11.tgz",
              "dependencies": {
                "inherits": {
                  "version": "2.0.1",
                  "from": "inherits@2",
                  "resolved": "http://npm.finntech.no/internal/inherits/-/inherits-2.0.1.tgz"
                },
                "minimatch": {
                  "version": "0.3.0",
                  "from": "minimatch@0.3",
                  "resolved": "http://npm.finntech.no/internal/minimatch/-/minimatch-0.3.0.tgz",
                  "dependencies": {
                    "lru-cache": {
                      "version": "2.5.0",
                      "from": "lru-cache@2",
                      "resolved": "http://npm.finntech.no/internal/lru-cache/-/lru-cache-2.5.0.tgz"
                    },
                    "sigmund": {
                      "version": "1.0.0",
                      "from": "sigmund@~1.0.0",
                      "resolved": "http://npm.finntech.no/internal/sigmund/-/sigmund-1.0.0.tgz"
                    }
                  }
                }
              }
            }
          }
        },
        "console-browserify": {
          "version": "1.1.0",
          "from": "console-browserify@1.1.x",
          "resolved": "http://npm.finntech.no/internal/console-browserify/-/console-browserify-1.1.0.tgz",
          "dependencies": {
            "date-now": {
              "version": "0.1.4",
              "from": "date-now@^0.1.4",
              "resolved": "http://npm.finntech.no/internal/date-now/-/date-now-0.1.4.tgz"
            }
          }
        },
        "exit": {
          "version": "0.1.2",
          "from": "exit@0.1.x",
          "resolved": "http://npm.finntech.no/internal/exit/-/exit-0.1.2.tgz"
        },
        "htmlparser2": {
          "version": "3.8.2",
          "from": "htmlparser2@3.8.x",
          "resolved": "http://npm.finntech.no/internal/htmlparser2/-/htmlparser2-3.8.2.tgz",
          "dependencies": {
            "domhandler": {
              "version": "2.3.0",
              "from": "domhandler@2.3",
              "resolved": "http://npm.finntech.no/internal/domhandler/-/domhandler-2.3.0.tgz"
            },
            "domutils": {
              "version": "1.5.0",
              "from": "domutils@1.5",
              "resolved": "http://npm.finntech.no/internal/domutils/-/domutils-1.5.0.tgz"
            },
            "domelementtype": {
              "version": "1.1.3",
              "from": "domelementtype@1",
              "resolved": "http://npm.finntech.no/internal/domelementtype/-/domelementtype-1.1.3.tgz"
            },
            "readable-stream": {
              "version": "1.1.13",
              "from": "readable-stream@1.1",
              "resolved": "http://npm.finntech.no/internal/readable-stream/-/readable-stream-1.1.13.tgz",
              "dependencies": {
                "core-util-is": {
                  "version": "1.0.1",
                  "from": "core-util-is@~1.0.0",
                  "resolved": "http://npm.finntech.no/internal/core-util-is/-/core-util-is-1.0.1.tgz"
                },
                "isarray": {
                  "version": "0.0.1",
                  "from": "isarray@0.0.1",
                  "resolved": "http://registry.npmjs.org/isarray/-/isarray-0.0.1.tgz"
                },
                "string_decoder": {
                  "version": "0.10.31",
                  "from": "string_decoder@~0.10.x",
                  "resolved": "http://npm.finntech.no/internal/string_decoder/-/string_decoder-0.10.31.tgz"
                },
                "inherits": {
                  "version": "2.0.1",
                  "from": "inherits@2",
                  "resolved": "http://npm.finntech.no/internal/inherits/-/inherits-2.0.1.tgz"
                }
              }
            },
            "entities": {
              "version": "1.0.0",
              "from": "entities@1.0",
              "resolved": "http://npm.finntech.no/internal/entities/-/entities-1.0.0.tgz"
            }
          }
        },
        "minimatch": {
          "version": "1.0.0",
          "from": "minimatch@1.0.x",
          "resolved": "http://npm.finntech.no/internal/minimatch/-/minimatch-1.0.0.tgz",
          "dependencies": {
            "lru-cache": {
              "version": "2.5.0",
              "from": "lru-cache@2",
              "resolved": "http://npm.finntech.no/internal/lru-cache/-/lru-cache-2.5.0.tgz"
            },
            "sigmund": {
              "version": "1.0.0",
              "from": "sigmund@~1.0.0",
              "resolved": "http://npm.finntech.no/internal/sigmund/-/sigmund-1.0.0.tgz"
            }
          }
        },
        "shelljs": {
          "version": "0.3.0",
          "from": "shelljs@0.3.x",
          "resolved": "http://npm.finntech.no/internal/shelljs/-/shelljs-0.3.0.tgz"
        },
        "strip-json-comments": {
          "version": "1.0.2",
          "from": "strip-json-comments@1.0.x",
          "resolved": "http://npm.finntech.no/internal/strip-json-comments/-/strip-json-comments-1.0.2.tgz"
        },
        "underscore": {
          "version": "1.6.0",
          "from": "underscore@1.6.x",
          "resolved": "http://npm.finntech.no/internal/underscore/-/underscore-1.6.0.tgz"
        }
      }
    },
    "jshint-stylish": {
      "version": "1.0.0",
      "from": "jshint-stylish@",
      "resolved": "http://registry.npmjs.org/jshint-stylish/-/jshint-stylish-1.0.0.tgz",
      "dependencies": {
        "chalk": {
          "version": "0.5.1",
          "from": "chalk@^0.5.1",
          "resolved": "http://npm.finntech.no/internal/chalk/-/chalk-0.5.1.tgz",
          "dependencies": {
            "ansi-styles": {
              "version": "1.1.0",
              "from": "ansi-styles@^1.1.0",
              "resolved": "http://npm.finntech.no/internal/ansi-styles/-/ansi-styles-1.1.0.tgz"
            },
            "escape-string-regexp": {
              "version": "1.0.2",
              "from": "escape-string-regexp@^1.0.0",
              "resolved": "http://npm.finntech.no/internal/escape-string-regexp/-/escape-string-regexp-1.0.2.tgz"
            },
            "has-ansi": {
              "version": "0.1.0",
              "from": "has-ansi@^0.1.0",
              "resolved": "http://npm.finntech.no/internal/has-ansi/-/has-ansi-0.1.0.tgz",
              "dependencies": {
                "ansi-regex": {
                  "version": "0.2.1",
                  "from": "ansi-regex@^0.2.1",
                  "resolved": "http://npm.finntech.no/internal/ansi-regex/-/ansi-regex-0.2.1.tgz"
                }
              }
            },
            "strip-ansi": {
              "version": "0.3.0",
              "from": "strip-ansi@^0.3.0",
              "resolved": "http://npm.finntech.no/internal/strip-ansi/-/strip-ansi-0.3.0.tgz",
              "dependencies": {
                "ansi-regex": {
                  "version": "0.2.1",
                  "from": "ansi-regex@^0.2.1",
                  "resolved": "http://npm.finntech.no/internal/ansi-regex/-/ansi-regex-0.2.1.tgz"
                }
              }
            },
            "supports-color": {
              "version": "0.2.0",
              "from": "supports-color@^0.2.0",
              "resolved": "http://npm.finntech.no/internal/supports-color/-/supports-color-0.2.0.tgz"
            }
          }
        },
        "log-symbols": {
          "version": "1.0.1",
          "from": "log-symbols@^1.0.0",
          "resolved": "http://registry.npmjs.org/log-symbols/-/log-symbols-1.0.1.tgz"
        },
        "string-length": {
          "version": "1.0.0",
          "from": "string-length@^1.0.0",
          "resolved": "http://registry.npmjs.org/string-length/-/string-length-1.0.0.tgz",
          "dependencies": {
            "strip-ansi": {
              "version": "2.0.0",
              "from": "strip-ansi@^2.0.0",
              "resolved": "http://registry.npmjs.org/strip-ansi/-/strip-ansi-2.0.0.tgz",
              "dependencies": {
                "ansi-regex": {
                  "version": "1.1.0",
                  "from": "ansi-regex@^1.0.0",
                  "resolved": "http://registry.npmjs.org/ansi-regex/-/ansi-regex-1.1.0.tgz"
                }
              }
            }
          }
        },
        "text-table": {
          "version": "0.2.0",
          "from": "text-table@^0.2.0",
          "resolved": "http://npm.finntech.no/internal/text-table/-/text-table-0.2.0.tgz"
        }
      }
    },
    "sync-exec": {
      "version": "0.4.0",
      "from": "sync-exec@",
      "resolved": "http://registry.npmjs.org/sync-exec/-/sync-exec-0.4.0.tgz"
    }
  }
}
